github.com/bbalet/stopwords v1.0.0 h1:0TnGycCtY0zZi4ltKoOGRFIlZHv0WqpoIGUsObjztfo=
github.com/bbalet/stopwords v1.0.0/go.mod h1:sAWrQoDMfqARGIn4s6dp7OW7ISrshUD8IP2q3KoqPjc=
golang.org/x/text v0.12.0 h1:k+n5B8goJNdU7hSvEtMUz3d1Q6D/XW4COJSJR6fN0mc=
golang.org/x/text v0.12.0/go.mod h1:TvPlkZtksWOMsz7fbANvkp4WM8x/WCo/om8BMLbz+aE=
